
Microsoft Visual Studio Solution File, Format Version 12.00
# Visual Studio Version 16
VisualStudioVersion = 16.0.31911.196
MinimumVisualStudioVersion = 10.0.40219.1
Project("{FAE04EC0-301F-11D3-BF4B-00C04F79EFBC}") = "Economy", "Economy.csproj", "{B328FD3B-3C69-42AB-A3BB-50A3014F9A5D}"
EndProject
Global
	GlobalSection(SolutionConfigurationPlatforms) = preSolution
		Debug|Any CPU = Debug|Any CPU
		Release|Any CPU = Release|Any CPU
	EndGlobalSection
	GlobalSection(ProjectConfigurationPlatforms) = postSolution
		{B328FD3B-3C69-42AB-A3BB-50A3014F9A5D}.Debug|Any CPU.ActiveCfg = Debug|Any CPU
		{B328FD3B-3C69-42AB-A3BB-50A3014F9A5D}.Debug|Any CPU.Build.0 = Debug|Any CPU
		{B328FD3B-3C69-42AB-A3BB-50A3014F9A5D}.Release|Any CPU.ActiveCfg = Release|Any CPU
		{B328FD3B-3C69-42AB-A3BB-50A3014F9A5D}.Release|Any CPU.Build.0 = Release|Any CPU
	EndGlobalSection
	GlobalSection(SolutionProperties) = preSolution
		HideSolutionNode = FALSE
	EndGlobalSection
	GlobalSection(ExtensibilityGlobals) = postSolution
		SolutionGuid = {8BDA5D74-5651-4A61-854D-329D057D3817}
	EndGlobalSection
EndGlobal
